// !$*UTF8*$!
{
	archiveVersion = 1;
	classes = {
	};
	objectVersion = 56;
	objects = {

/* Begin PBXBuildFile section */
		2C0261C428ECBC8B00CB42D7 /* AppDelegate.swift in Sources */ = {isa = PBXBuildFile; fileRef = 2C0261C328ECBC8B00CB42D7 /* AppDelegate.swift */; };
		2C0261C628ECBC8B00CB42D7 /* SceneDelegate.swift in Sources */ = {isa = PBXBuildFile; fileRef = 2C0261C528ECBC8B00CB42D7 /* SceneDelegate.swift */; };
		2C0261C828ECBC8B00CB42D7 /* ViewController.swift in Sources */ = {isa = PBXBuildFile; fileRef = 2C0261C728ECBC8B00CB42D7 /* ViewController.swift */; };
		2C0261CB28ECBC8B00CB42D7 /* Main.storyboard in Resources */ = {isa = PBXBuildFile; fileRef = 2C0261C928ECBC8B00CB42D7 /* Main.storyboard */; };
		2C0261CD28ECBC8F00CB42D7 /* Assets.xcassets in Resources */ = {isa = PBXBuildFile; fileRef = 2C0261CC28ECBC8F00CB42D7 /* Assets.xcassets */; };
		2C0261D028ECBC8F00CB42D7 /* LaunchScreen.storyboard in Resources */ = {isa = PBXBuildFile; fileRef = 2C0261CE28ECBC8F00CB42D7 /* LaunchScreen.storyboard */; };
		2C0261D828ECBD4600CB42D7 /* CollisionAnimator.swift in Sources */ = {isa = PBXBuildFile; fileRef = 2C0261D728ECBD4600CB42D7 /* CollisionAnimator.swift */; };
		2C61CFAF28ED257F00081C57 /* UIColor+Extensions.swift in Sources */ = {isa = PBXBuildFile; fileRef = 2C61CFAE28ED257F00081C57 /* UIColor+Extensions.swift */; };
		2C61CFB128ED3DF900081C57 /* UIApplication+Extensions.swift in Sources */ = {isa = PBXBuildFile; fileRef = 2C61CFB028ED3DF900081C57 /* UIApplication+Extensions.swift */; };
/* End PBXBuildFile section */

/* Begin PBXFileReference section */
		2C0261C028ECBC8B00CB42D7 /* CollisionExample.app */ = {isa = PBXFileReference; explicitFileType = wrapper.application; includeInIndex = 0; path = CollisionExample.app; sourceTree = BUILT_PRODUCTS_DIR; };
		2C0261C328ECBC8B00CB42D7 /* AppDelegate.swift */ = {isa = PBXFileReference; lastKnownFileType = sourcecode.swift; path = AppDelegate.swift; sourceTree = "<group>"; };
		2C0261C528ECBC8B00CB42D7 /* SceneDelegate.swift */ = {isa = PBXFileReference; lastKnownFileType = sourcecode.swift; path = SceneDelegate.swift; sourceTree = "<group>"; };
		2C0261C728ECBC8B00CB42D7 /* ViewController.swift */ = {isa = PBXFileReference; lastKnownFileType = sourcecode.swift; path = ViewController.swift; sourceTree = "<group>"; };
		2C0261CA28ECBC8B00CB42D7 /* Base */ = {isa = PBXFileReference; lastKnownFileType = file.storyboard; name = Base; path = Base.lproj/Main.storyboard; sourceTree = "<group>"; };
		2C0261CC28ECBC8F00CB42D7 /* Assets.xcassets */ = {isa = PBXFileReference; lastKnownFileType = folder.assetcatalog; path = Assets.xcassets; sourceTree = "<group>"; };
		2C0261CF28ECBC8F00CB42D7 /* Base */ = {isa = PBXFileReference; lastKnownFileType = file.storyboard; name = Base; path = Base.lproj/LaunchScreen.storyboard; sourceTree = "<group>"; };
		2C0261D128ECBC8F00CB42D7 /* Info.plist */ = {isa = PBXFileReference; lastKnownFileType = text.plist.xml; path = Info.plist; sourceTree = "<group>"; };
		2C0261D728ECBD4600CB42D7 /* CollisionAnimator.swift */ = {isa = PBXFileReference; lastKnownFileType = sourcecode.swift; path = CollisionAnimator.swift; sourceTree = "<group>"; };
		2C61CFAE28ED257F00081C57 /* UIColor+Extensions.swift */ = {isa = PBXFileReference; lastKnownFileType = sourcecode.swift; path = "UIColor+Extensions.swift"; sourceTree = "<group>"; };
		2C61CFB028ED3DF900081C57 /* UIApplication+Extensions.swift */ = {isa = PBXFileReference; lastKnownFileType = sourcecode.swift; path = "UIApplication+Extensions.swift"; sourceTree = "<group>"; };
/* End PBXFileReference section */

/* Begin PBXFrameworksBuildPhase section */
		2C0261BD28ECBC8B00CB42D7 /* Frameworks */ = {
			isa = PBXFrameworksBuildPhase;
			buildActionMask = 2147483647;
			files = (
			);
			runOnlyForDeploymentPostprocessing = 0;
		};
/* End PBXFrameworksBuildPhase section */

/* Begin PBXGroup section */
		2C0261B728ECBC8B00CB42D7 = {
			isa = PBXGroup;
			children = (
				2C0261C228ECBC8B00CB42D7 /* CollisionExample */,
				2C0261C128ECBC8B00CB42D7 /* Products */,
			);
			sourceTree = "<group>";
		};
		2C0261C128ECBC8B00CB42D7 /* Products */ = {
			isa = PBXGroup;
			children = (
				2C0261C028ECBC8B00CB42D7 /* CollisionExample.app */,
			);
			name = Products;
			sourceTree = "<group>";
		};
		2C0261C228ECBC8B00CB42D7 /* CollisionExample */ = {
			isa = PBXGroup;
			children = (
				2C61CFB228ED3F3A00081C57 /* Extensions */,
				2C0261C328ECBC8B00CB42D7 /* AppDelegate.swift */,
				2C0261C528ECBC8B00CB42D7 /* SceneDelegate.swift */,
				2C0261C728ECBC8B00CB42D7 /* ViewController.swift */,
				2C0261D728ECBD4600CB42D7 /* CollisionAnimator.swift */,
				2C0261C928ECBC8B00CB42D7 /* Main.storyboard */,
				2C0261CC28ECBC8F00CB42D7 /* Assets.xcassets */,
				2C0261CE28ECBC8F00CB42D7 /* LaunchScreen.storyboard */,
				2C0261D128ECBC8F00CB42D7 /* Info.plist */,
			);
			path = CollisionExample;
			sourceTree = "<group>";
		};
		2C61CFB228ED3F3A00081C57 /* Extensions */ = {
			isa = PBXGroup;
			children = (
				2C61CFAE28ED257F00081C57 /* UIColor+Extensions.swift */,
				2C61CFB028ED3DF900081C57 /* UIApplication+Extensions.swift */,
			);
			path = Extensions;
			sourceTree = "<group>";
		};
/* End PBXGroup section */

/* Begin PBXNativeTarget section */
		2C0261BF28ECBC8B00CB42D7 /* CollisionExample */ = {
			isa = PBXNativeTarget;
			buildConfigurationList = 2C0261D428ECBC8F00CB42D7 /* Build configuration list for PBXNativeTarget "CollisionExample" */;
			buildPhases = (
				2C0261BC28ECBC8B00CB42D7 /* Sources */,
				2C0261BD28ECBC8B00CB42D7 /* Frameworks */,
				2C0261BE28ECBC8B00CB42D7 /* Resources */,
			);
			buildRules = (
			);
			dependencies = (
			);
			name = CollisionExample;
			productName = CollisionExample;
			productReference = 2C0261C028ECBC8B00CB42D7 /* CollisionExample.app */;
			productType = "com.apple.product-type.application";
		};
/* End PBXNativeTarget section */

/* Begin PBXProject section */
		2C0261B828ECBC8B00CB42D7 /* Project object */ = {
			isa = PBXProject;
			attributes = {
				BuildIndependentTargetsInParallel = 1;
				LastSwiftUpdateCheck = 1400;
				LastUpgradeCheck = 1400;
				TargetAttributes = {
					2C0261BF28ECBC8B00CB42D7 = {
						CreatedOnToolsVersion = 14.0.1;
					};
				};
			};
			buildConfigurationList = 2C0261BB28ECBC8B00CB42D7 /* Build configuration list for PBXProject "CollisionExample" */;
			compatibilityVersion = "Xcode 14.0";
			developmentRegion = en;
			hasScannedForEncodings = 0;
			knownRegions = (
				en,
				Base,
			);
			mainGroup = 2C0261B728ECBC8B00CB42D7;
			productRefGroup = 2C0261C128ECBC8B00CB42D7 /* Products */;
			projectDirPath = "";
			projectRoot = "";
			targets = (
				2C0261BF28ECBC8B00CB42D7 /* CollisionExample */,
			);
		};
/* End PBXProject section */

/* Begin PBXResourcesBuildPhase section */
		2C0261BE28ECBC8B00CB42D7 /* Resources */ = {
			isa = PBXResourcesBuildPhase;
			buildActionMask = 2147483647;
			files = (
				2C0261D028ECBC8F00CB42D7 /* LaunchScreen.storyboard in Resources */,
				2C0261CD28ECBC8F00CB42D7 /* Assets.xcassets in Resources */,
				2C0261CB28ECBC8B00CB42D7 /* Main.storyboard in Resources */,
			);
			runOnlyForDeploymentPostprocessing = 0;
		};
/* End PBXResourcesBuildPhase section */

/* Begin PBXSourcesBuildPhase section */
		2C0261BC28ECBC8B00CB42D7 /* Sources */ = {
			isa = PBXSourcesBuildPhase;
			buildActionMask = 2147483647;
			files = (
				2C61CFB128ED3DF900081C57 /* UIApplication+Extensions.swift in Sources */,
				2C61CFAF28ED257F00081C57 /* UIColor+Extensions.swift in Sources */,
				2C0261C828ECBC8B00CB42D7 /* ViewController.swift in Sources */,
				2C0261D828ECBD4600CB42D7 /* CollisionAnimator.swift in Sources */,
				2C0261C428ECBC8B00CB42D7 /* AppDelegate.swift in Sources */,
				2C0261C628ECBC8B00CB42D7 /* SceneDelegate.swift in Sources */,
			);
			runOnlyForDeploymentPostprocessing = 0;
		};
/* End PBXSourcesBuildPhase section */

/* Begin PBXVariantGroup section */
		2C0261C928ECBC8B00CB42D7 /* Main.storyboard */ = {
			isa = PBXVariantGroup;
			children = (
				2C0261CA28ECBC8B00CB42D7 /* Base */,
			);
			name = Main.storyboard;
			sourceTree = "<group>";
		};
		2C0261CE28ECBC8F00CB42D7 /* LaunchScreen.storyboard */ = {
			isa = PBXVariantGroup;
			children = (
				2C0261CF28ECBC8F00CB42D7 /* Base */,
			);
			name = LaunchScreen.storyboard;
			sourceTree = "<group>";
		};
/* End PBXVariantGroup section */

/* Begin XCBuildConfiguration section */
		2C0261D228ECBC8F00CB42D7 /* Debug */ = {
			isa = XCBuildConfiguration;
			buildSettings = {
				ALWAYS_SEARCH_USER_PATHS = NO;
				CLANG_ANALYZER_NONNULL = YES;
				CLANG_ANALYZER_NUMBER_OBJECT_CONVERSION = YES_AGGRESSIVE;
				CLANG_CXX_LANGUAGE_STANDARD = "gnu++20";
				CLANG_ENABLE_MODULES = YES;
				CLANG_ENABLE_OBJC_ARC = YES;
				CLANG_ENABLE_OBJC_WEAK = YES;
				CLANG_WARN_BLOCK_CAPTURE_AUTORELEASING = YES;
				CLANG_WARN_BOOL_CONVERSION = YES;
				CLANG_WARN_COMMA = YES;
				CLANG_WARN_CONSTANT_CONVERSION = YES;
				CLANG_WARN_DEPRECATED_OBJC_IMPLEMENTATIONS = YES;
				CLANG_WARN_DIRECT_OBJC_ISA_USAGE = YES_ERROR;
				CLANG_WARN_DOCUMENTATION_COMMENTS = YES;
				CLANG_WARN_EMPTY_BODY = YES;
				CLANG_WARN_ENUM_CONVERSION = YES;
				CLANG_WARN_INFINITE_RECURSION = YES;
				CLANG_WARN_INT_CONVERSION = YES;
				CLANG_WARN_NON_LITERAL_NULL_CONVERSION = YES;
				CLANG_WARN_OBJC_IMPLICIT_RETAIN_SELF = YES;
				CLANG_WARN_OBJC_LITERAL_CONVERSION = YES;
				CLANG_WARN_OBJC_ROOT_CLASS = YES_ERROR;
				CLANG_WARN_QUOTED_INCLUDE_IN_FRAMEWORK_HEADER = YES;
				CLANG_WARN_RANGE_LOOP_ANALYSIS = YES;
				CLANG_WARN_STRICT_PROTOTYPES = YES;
				CLANG_WARN_SUSPICIOUS_MOVE = YES;
				CLANG_WARN_UNGUARDED_AVAILABILITY = YES_AGGRESSIVE;
				CLANG_WARN_UNREACHABLE_CODE = YES;
				CLANG_WARN__DUPLICATE_METHOD_MATCH = YES;
				COPY_PHASE_STRIP = NO;
				DEBUG_INFORMATION_FORMAT = dwarf;
				ENABLE_STRICT_OBJC_MSGSEND = YES;
				ENABLE_TESTABILITY = YES;
				GCC_C_LANGUAGE_STANDARD = gnu11;
				GCC_DYNAMIC_NO_PIC = NO;
				GCC_NO_COMMON_BLOCKS = YES;
				GCC_OPTIMIZATION_LEVEL = 0;
				GCC_PREPROCESSOR_DEFINITIONS = (
					"DEBUG=1",
					"$(inherited)",
				);
				GCC_WARN_64_TO_32_BIT_CONVERSION = YES;
				GCC_WARN_ABOUT_RETURN_TYPE = YES_ERROR;
				GCC_WARN_UNDECLARED_SELECTOR = YES;
				GCC_WARN_UNINITIALIZED_AUTOS = YES_AGGRESSIVE;
				GCC_WARN_UNUSED_FUNCTION = YES;
				GCC_WARN_UNUSED_VARIABLE = YES;
				IPHONEOS_DEPLOYMENT_TARGET = 16.0;
				MTL_ENABLE_DEBUG_INFO = INCLUDE_SOURCE;
				MTL_FAST_MATH = YES;
				ONLY_ACTIVE_ARCH = YES;
				SDKROOT = iphoneos;
				SWIFT_ACTIVE_COMPILATION_CONDITIONS = DEBUG;
				SWIFT_OPTIMIZATION_LEVEL = "-Onone";
			};
			name = Debug;
		};
		2C0261D328ECBC8F00CB42D7 /* Release */ = {
			isa = XCBuildConfiguration;
			buildSettings = {
				ALWAYS_SEARCH_USER_PATHS = NO;
				CLANG_ANALYZER_NONNULL = YES;
				CLANG_ANALYZER_NUMBER_OBJECT_CONVERSION = YES_AGGRESSIVE;
				CLANG_CXX_LANGUAGE_STANDARD = "gnu++20";
				CLANG_ENABLE_MODULES = YES;
				CLANG_ENABLE_OBJC_ARC = YES;
				CLANG_ENABLE_OBJC_WEAK = YES;
				CLANG_WARN_BLOCK_CAPTURE_AUTORELEASING = YES;
				CLANG_WARN_BOOL_CONVERSION = YES;
				CLANG_WARN_COMMA = YES;
				CLANG_WARN_CONSTANT_CONVERSION = YES;
				CLANG_WARN_DEPRECATED_OBJC_IMPLEMENTATIONS = YES;
				CLANG_WARN_DIRECT_OBJC_ISA_USAGE = YES_ERROR;
				CLANG_WARN_DOCUMENTATION_COMMENTS = YES;
				CLANG_WARN_EMPTY_BODY = YES;
				CLANG_WARN_ENUM_CONVERSION = YES;
				CLANG_WARN_INFINITE_RECURSION = YES;
				CLANG_WARN_INT_CONVERSION = YES;
				CLANG_WARN_NON_LITERAL_NULL_CONVERSION = YES;
				CLANG_WARN_OBJC_IMPLICIT_RETAIN_SELF = YES;
				CLANG_WARN_OBJC_LITERAL_CONVERSION = YES;
				CLANG_WARN_OBJC_ROOT_CLASS = YES_ERROR;
				CLANG_WARN_QUOTED_INCLUDE_IN_FRAMEWORK_HEADER = YES;
				CLANG_WARN_RANGE_LOOP_ANALYSIS = YES;
				CLANG_WARN_STRICT_PROTOTYPES = YES;
				CLANG_WARN_SUSPICIOUS_MOVE = YES;
				CLANG_WARN_UNGUARDED_AVAILABILITY = YES_AGGRESSIVE;
				CLANG_WARN_UNREACHABLE_CODE = YES;
				CLANG_WARN__DUPLICATE_METHOD_MATCH = YES;
				COPY_PHASE_STRIP = NO;
				DEBUG_INFORMATION_FORMAT = "dwarf-with-dsym";
				ENABLE_NS_ASSERTIONS = NO;
				ENABLE_STRICT_OBJC_MSGSEND = YES;
				GCC_C_LANGUAGE_STANDARD = gnu11;
				GCC_NO_COMMON_BLOCKS = YES;
				GCC_WARN_64_TO_32_BIT_CONVERSION = YES;
				GCC_WARN_ABOUT_RETURN_TYPE = YES_ERROR;
				GCC_WARN_UNDECLARED_SELECTOR = YES;
				GCC_WARN_UNINITIALIZED_AUTOS = YES_AGGRESSIVE;
				GCC_WARN_UNUSED_FUNCTION = YES;
				GCC_WARN_UNUSED_VARIABLE = YES;
				IPHONEOS_DEPLOYMENT_TARGET = 16.0;
				MTL_ENABLE_DEBUG_INFO = NO;
				MTL_FAST_MATH = YES;
				SDKROOT = iphoneos;
				SWIFT_COMPILATION_MODE = wholemodule;
				SWIFT_OPTIMIZATION_LEVEL = "-O";
				VALIDATE_PRODUCT = YES;
			};
			name = Release;
		};
		2C0261D528ECBC8F00CB42D7 /* Debug */ = {
			isa = XCBuildConfiguration;
			buildSettings = {
				ASSETCATALOG_COMPILER_APPICON_NAME = AppIcon;
				ASSETCATALOG_COMPILER_GLOBAL_ACCENT_COLOR_NAME = AccentColor;
				CODE_SIGN_STYLE = Automatic;
				CURRENT_PROJECT_VERSION = 1;
				DEVELOPMENT_TEAM = Z6CGU4P4S6;
				GENERATE_INFOPLIST_FILE = YES;
				INFOPLIST_FILE = CollisionExample/Info.plist;
				INFOPLIST_KEY_UIApplicationSupportsIndirectInputEvents = YES;
				INFOPLIST_KEY_UILaunchStoryboardName = LaunchScreen;
				INFOPLIST_KEY_UIMainStoryboardFile = Main;
				INFOPLIST_KEY_UISupportedInterfaceOrientations_iPad = "UIInterfaceOrientationPortrait UIInterfaceOrientationPortraitUpsideDown UIInterfaceOrientationLandscapeLeft UIInterfaceOrientationLandscapeRight";
				INFOPLIST_KEY_UISupportedInterfaceOrientations_iPhone = "UIInterfaceOrientationPortrait UIInterfaceOrientationLandscapeLeft UIInterfaceOrientationLandscapeRight";
				IPHONEOS_DEPLOYMENT_TARGET = 14.0;
				LD_RUNPATH_SEARCH_PATHS = (
					"$(inherited)",
					"@executable_path/Frameworks",
				);
				MARKETING_VERSION = 1.0;
				PRODUCT_BUNDLE_IDENTIFIER = kr.co.juncon.collision;
				PRODUCT_NAME = "$(TARGET_NAME)";
				SUPPORTED_PLATFORMS = "iphoneos iphonesimulator";
				SUPPORTS_MACCATALYST = NO;
				SUPPORTS_MAC_DESIGNED_FOR_IPHONE_IPAD = NO;
				SWIFT_EMIT_LOC_STRINGS = YES;
				SWIFT_VERSION = 5.0;
				TARGETED_DEVICE_FAMILY = "1,2";
			};
			name = Debug;
		};
		2C0261D628ECBC8F00CB42D7 /* Release */ = {
			isa = XCBuildConfiguration;
			buildSettings = {
				ASSETCATALOG_COMPILER_APPICON_NAME = AppIcon;
				ASSETCATALOG_COMPILER_GLOBAL_ACCENT_COLOR_NAME = AccentColor;
				CODE_SIGN_STYLE = Automatic;
				CURRENT_PROJECT_VERSION = 1;
				DEVELOPMENT_TEAM = Z6CGU4P4S6;
				GENERATE_INFOPLIST_FILE = YES;
				INFOPLIST_FILE = CollisionExample/Info.plist;
				INFOPLIST_KEY_UIApplicationSupportsIndirectInputEvents = YES;
				INFOPLIST_KEY_UILaunchStoryboardName = LaunchScreen;
				INFOPLIST_KEY_UIMainStoryboardFile = Main;
				INFOPLIST_KEY_UISupportedInterfaceOrientations_iPad = "UIInterfaceOrientationPortrait UIInterfaceOrientationPortraitUpsideDown UIInterfaceOrientationLandscapeLeft UIInterfaceOrientationLandscapeRight";
				INFOPLIST_KEY_UISupportedInterfaceOrientations_iPhone = "UIInterfaceOrientationPortrait UIInterfaceOrientationLandscapeLeft UIInterfaceOrientationLandscapeRight";
				IPHONEOS_DEPLOYMENT_TARGET = 14.0;
				LD_RUNPATH_SEARCH_PATHS = (
					"$(inherited)",
					"@executable_path/Frameworks",
				);
				MARKETING_VERSION = 1.0;
				PRODUCT_BUNDLE_IDENTIFIER = kr.co.juncon.collision;
				PRODUCT_NAME = "$(TARGET_NAME)";
				SUPPORTED_PLATFORMS = "iphoneos iphonesimulator";
				SUPPORTS_MACCATALYST = NO;
				SUPPORTS_MAC_DESIGNED_FOR_IPHONE_IPAD = NO;
				SWIFT_EMIT_LOC_STRINGS = YES;
				SWIFT_VERSION = 5.0;
				TARGETED_DEVICE_FAMILY = "1,2";
			};
			name = Release;
		};
/* End XCBuildConfiguration section */

/* Begin XCConfigurationList section */
		2C0261BB28ECBC8B00CB42D7 /* Build configuration list for PBXProject "CollisionExample" */ = {
			isa = XCConfigurationList;
			buildConfigurations = (
				2C0261D228ECBC8F00CB42D7 /* Debug */,
				2C0261D328ECBC8F00CB42D7 /* Release */,
			);
			defaultConfigurationIsVisible = 0;
			defaultConfigurationName = Release;
		};
		2C0261D428ECBC8F00CB42D7 /* Build configuration list for PBXNativeTarget "CollisionExample" */ = {
			isa = XCConfigurationList;
			buildConfigurations = (
				2C0261D528ECBC8F00CB42D7 /* Debug */,
				2C0261D628ECBC8F00CB42D7 /* Release */,
			);
			defaultConfigurationIsVisible = 0;
			defaultConfigurationName = Release;
		};
/* End XCConfigurationList section */
	};
	rootObject = 2C0261B828ECBC8B00CB42D7 /* Project object */;
}
